# THIS IS AN AUTOGENERATED FILE. DO NOT EDIT THIS FILE DIRECTLY.
# yarn lockfile v1


cities.json@^1.1.5:
  version "1.1.5"
  resolved "https://registry.yarnpkg.com/cities.json/-/cities.json-1.1.5.tgz#bd82fd19f67e8f7a9735b0e9c1c45d050c2bfe73"
  integrity sha512-BKge3FmYfYOtN3tBaLfN9QvB7M5dDyjen3aFOn6XwgNASvLDhWTJazAtCvbpDWlpM6YWZXh4TUTsgxOn/n6MbA==
